
Microsoft Visual Studio Solution File, Format Version 12.00
# Visual Studio 15
VisualStudioVersion = 15.0.27703.2047
MinimumVisualStudioVersion = 10.0.40219.1
Project("{FAE04EC0-301F-11D3-BF4B-00C04F79EFBC}") = "Rooster - student", "Rooster - student\Rooster - student.csproj", "{C34A8E8A-AA87-4C23-96B5-42780CADF3CA}"
EndProject
Global
	GlobalSection(SolutionConfigurationPlatforms) = preSolution
		Debug|Any CPU = Debug|Any CPU
		Release|Any CPU = Release|Any CPU
	EndGlobalSection
	GlobalSection(ProjectConfigurationPlatforms) = postSolution
		{C34A8E8A-AA87-4C23-96B5-42780CADF3CA}.Debug|Any CPU.ActiveCfg = Debug|Any CPU
		{C34A8E8A-AA87-4C23-96B5-42780CADF3CA}.Debug|Any CPU.Build.0 = Debug|Any CPU
		{C34A8E8A-AA87-4C23-96B5-42780CADF3CA}.Release|Any CPU.ActiveCfg = Release|Any CPU
		{C34A8E8A-AA87-4C23-96B5-42780CADF3CA}.Release|Any CPU.Build.0 = Release|Any CPU
	EndGlobalSection
	GlobalSection(SolutionProperties) = preSolution
		HideSolutionNode = FALSE
	EndGlobalSection
	GlobalSection(ExtensibilityGlobals) = postSolution
		SolutionGuid = {95D148FB-3BDC-4FE2-91F8-7D0718F83842}
	EndGlobalSection
EndGlobal
