
Microsoft Visual Studio Solution File, Format Version 12.00
# Visual Studio 15
VisualStudioVersion = 15.0.26430.6
MinimumVisualStudioVersion = 10.0.40219.1
Project("{FAE04EC0-301F-11D3-BF4B-00C04F79EFBC}") = "OpdrachtLambda", "OpdrachtLambda\OpdrachtLambda.csproj", "{6A9E56E6-8077-40EF-A0B9-35D4EC303BA2}"
EndProject
Project("{FAE04EC0-301F-11D3-BF4B-00C04F79EFBC}") = "OpdrachtLINQ", "OpdrachtLINQ\OpdrachtLINQ.csproj", "{CCABDC1C-592F-44B0-8B6E-B84ED6D0169F}"
EndProject
Project("{FAE04EC0-301F-11D3-BF4B-00C04F79EFBC}") = "OpdrachtUnitTest", "OpdrachtUnitTest\OpdrachtUnitTest.csproj", "{E2EE0C09-CDED-43FB-AB9F-E523A326559A}"
EndProject
Global
	GlobalSection(SolutionConfigurationPlatforms) = preSolution
		Debug|Any CPU = Debug|Any CPU
		Release|Any CPU = Release|Any CPU
	EndGlobalSection
	GlobalSection(ProjectConfigurationPlatforms) = postSolution
		{6A9E56E6-8077-40EF-A0B9-35D4EC303BA2}.Debug|Any CPU.ActiveCfg = Debug|Any CPU
		{6A9E56E6-8077-40EF-A0B9-35D4EC303BA2}.Debug|Any CPU.Build.0 = Debug|Any CPU
		{6A9E56E6-8077-40EF-A0B9-35D4EC303BA2}.Release|Any CPU.ActiveCfg = Release|Any CPU
		{6A9E56E6-8077-40EF-A0B9-35D4EC303BA2}.Release|Any CPU.Build.0 = Release|Any CPU
		{CCABDC1C-592F-44B0-8B6E-B84ED6D0169F}.Debug|Any CPU.ActiveCfg = Debug|Any CPU
		{CCABDC1C-592F-44B0-8B6E-B84ED6D0169F}.Debug|Any CPU.Build.0 = Debug|Any CPU
		{CCABDC1C-592F-44B0-8B6E-B84ED6D0169F}.Release|Any CPU.ActiveCfg = Release|Any CPU
		{CCABDC1C-592F-44B0-8B6E-B84ED6D0169F}.Release|Any CPU.Build.0 = Release|Any CPU
		{E2EE0C09-CDED-43FB-AB9F-E523A326559A}.Debug|Any CPU.ActiveCfg = Debug|Any CPU
		{E2EE0C09-CDED-43FB-AB9F-E523A326559A}.Debug|Any CPU.Build.0 = Debug|Any CPU
		{E2EE0C09-CDED-43FB-AB9F-E523A326559A}.Release|Any CPU.ActiveCfg = Release|Any CPU
		{E2EE0C09-CDED-43FB-AB9F-E523A326559A}.Release|Any CPU.Build.0 = Release|Any CPU
	EndGlobalSection
	GlobalSection(SolutionProperties) = preSolution
		HideSolutionNode = FALSE
	EndGlobalSection
EndGlobal
