
Microsoft Visual Studio Solution File, Format Version 12.00
# Visual Studio Version 16
VisualStudioVersion = 16.0.29306.81
MinimumVisualStudioVersion = 10.0.40219.1
Project("{FAE04EC0-301F-11D3-BF4B-00C04F79EFBC}") = "Week3a", "Week3a.csproj", "{198A69F3-4D1C-445B-95AC-E1657AE7C83B}"
EndProject
Project("{FAE04EC0-301F-11D3-BF4B-00C04F79EFBC}") = "Bubblesort", "..\Bubblesort\Bubblesort.csproj", "{372053F7-7427-4FC1-BC37-A3AFDB398BF5}"
EndProject
Global
	GlobalSection(SolutionConfigurationPlatforms) = preSolution
		Debug|Any CPU = Debug|Any CPU
		Release|Any CPU = Release|Any CPU
	EndGlobalSection
	GlobalSection(ProjectConfigurationPlatforms) = postSolution
		{198A69F3-4D1C-445B-95AC-E1657AE7C83B}.Debug|Any CPU.ActiveCfg = Debug|Any CPU
		{198A69F3-4D1C-445B-95AC-E1657AE7C83B}.Debug|Any CPU.Build.0 = Debug|Any CPU
		{198A69F3-4D1C-445B-95AC-E1657AE7C83B}.Release|Any CPU.ActiveCfg = Release|Any CPU
		{198A69F3-4D1C-445B-95AC-E1657AE7C83B}.Release|Any CPU.Build.0 = Release|Any CPU
		{372053F7-7427-4FC1-BC37-A3AFDB398BF5}.Debug|Any CPU.ActiveCfg = Debug|Any CPU
		{372053F7-7427-4FC1-BC37-A3AFDB398BF5}.Debug|Any CPU.Build.0 = Debug|Any CPU
		{372053F7-7427-4FC1-BC37-A3AFDB398BF5}.Release|Any CPU.ActiveCfg = Release|Any CPU
		{372053F7-7427-4FC1-BC37-A3AFDB398BF5}.Release|Any CPU.Build.0 = Release|Any CPU
	EndGlobalSection
	GlobalSection(SolutionProperties) = preSolution
		HideSolutionNode = FALSE
	EndGlobalSection
	GlobalSection(ExtensibilityGlobals) = postSolution
		SolutionGuid = {45F17F04-CE2D-46FA-AE18-835F0CC53D58}
	EndGlobalSection
EndGlobal
