
Microsoft Visual Studio Solution File, Format Version 12.00
# Visual Studio Version 16
VisualStudioVersion = 16.0.29306.81
MinimumVisualStudioVersion = 10.0.40219.1
Project("{FAE04EC0-301F-11D3-BF4B-00C04F79EFBC}") = "week3b", "week3b.csproj", "{BDE3DCCD-8CA8-46DC-BFA3-D430874DFE60}"
EndProject
Project("{FAE04EC0-301F-11D3-BF4B-00C04F79EFBC}") = "Events", "..\Events\Events.csproj", "{E770A51B-9B93-4A71-91E7-1A39E75CCC5A}"
EndProject
Global
	GlobalSection(SolutionConfigurationPlatforms) = preSolution
		Debug|Any CPU = Debug|Any CPU
		Release|Any CPU = Release|Any CPU
	EndGlobalSection
	GlobalSection(ProjectConfigurationPlatforms) = postSolution
		{BDE3DCCD-8CA8-46DC-BFA3-D430874DFE60}.Debug|Any CPU.ActiveCfg = Debug|Any CPU
		{BDE3DCCD-8CA8-46DC-BFA3-D430874DFE60}.Debug|Any CPU.Build.0 = Debug|Any CPU
		{BDE3DCCD-8CA8-46DC-BFA3-D430874DFE60}.Release|Any CPU.ActiveCfg = Release|Any CPU
		{BDE3DCCD-8CA8-46DC-BFA3-D430874DFE60}.Release|Any CPU.Build.0 = Release|Any CPU
		{E770A51B-9B93-4A71-91E7-1A39E75CCC5A}.Debug|Any CPU.ActiveCfg = Debug|Any CPU
		{E770A51B-9B93-4A71-91E7-1A39E75CCC5A}.Debug|Any CPU.Build.0 = Debug|Any CPU
		{E770A51B-9B93-4A71-91E7-1A39E75CCC5A}.Release|Any CPU.ActiveCfg = Release|Any CPU
		{E770A51B-9B93-4A71-91E7-1A39E75CCC5A}.Release|Any CPU.Build.0 = Release|Any CPU
	EndGlobalSection
	GlobalSection(SolutionProperties) = preSolution
		HideSolutionNode = FALSE
	EndGlobalSection
	GlobalSection(ExtensibilityGlobals) = postSolution
		SolutionGuid = {BBEA529B-A1CC-43A1-AFDF-66794139997D}
	EndGlobalSection
EndGlobal
