
Microsoft Visual Studio Solution File, Format Version 12.00
# Visual Studio Version 16
VisualStudioVersion = 16.0.29306.81
MinimumVisualStudioVersion = 10.0.40219.1
Project("{FAE04EC0-301F-11D3-BF4B-00C04F79EFBC}") = "Boek4.9-4.13", "Boek4.9-4.13.csproj", "{DC562ECF-5D44-4E54-90D5-A59FC5E5745A}"
EndProject
Global
	GlobalSection(SolutionConfigurationPlatforms) = preSolution
		Debug|Any CPU = Debug|Any CPU
		Release|Any CPU = Release|Any CPU
	EndGlobalSection
	GlobalSection(ProjectConfigurationPlatforms) = postSolution
		{DC562ECF-5D44-4E54-90D5-A59FC5E5745A}.Debug|Any CPU.ActiveCfg = Debug|Any CPU
		{DC562ECF-5D44-4E54-90D5-A59FC5E5745A}.Debug|Any CPU.Build.0 = Debug|Any CPU
		{DC562ECF-5D44-4E54-90D5-A59FC5E5745A}.Release|Any CPU.ActiveCfg = Release|Any CPU
		{DC562ECF-5D44-4E54-90D5-A59FC5E5745A}.Release|Any CPU.Build.0 = Release|Any CPU
	EndGlobalSection
	GlobalSection(SolutionProperties) = preSolution
		HideSolutionNode = FALSE
	EndGlobalSection
	GlobalSection(ExtensibilityGlobals) = postSolution
		SolutionGuid = {C6B45BAC-0E45-4FB2-86C9-0B18B8D3BD8F}
	EndGlobalSection
EndGlobal
